Microsoft Visual Studio Solution File, Format Version 12.00
# Visual Studio Version 17
VisualStudioVersion = 17.4.33205.214
MinimumVisualStudioVersion = 10.0.40219.1
Project("{9A19103F-16F7-4668-BE54-9A1E7A4F7556}") = "CHOVY-TRANSFER", "CHOVY-TRANSFER\CHOVY-TRANSFER.csproj", "{B4CAD2C0-BA54-46B6-A8D0-43A9C2390D3C}"
EndProject
Project("{9A19103F-16F7-4668-BE54-9A1E7A4F7556}") = "PspCrypto", "PspCrypto\PspCrypto.csproj", "{C93D6CE7-989F-4C89-A29B-9684C9297184}"
EndProject
Project("{9A19103F-16F7-4668-BE54-9A1E7A4F7556}") = "Vita", "Vita\Vita.csproj", "{8463BD1A-EC79-4469-A383-26020298F512}"
EndProject
Global
	GlobalSection(SolutionConfigurationPlatforms) = preSolution
		Debug|Any CPU = Debug|Any CPU
		Debug|x64 = Debug|x64
		Debug|x86 = Debug|x86
		Release|Any CPU = Release|Any CPU
		Release|x64 = Release|x64
		Release|x86 = Release|x86
	EndGlobalSection
	GlobalSection(ProjectConfigurationPlatforms) = postSolution
		{B4CAD2C0-BA54-46B6-A8D0-43A9C2390D3C}.Debug|Any CPU.ActiveCfg = Debug|Any CPU
		{B4CAD2C0-BA54-46B6-A8D0-43A9C2390D3C}.Debug|Any CPU.Build.0 = Debug|Any CPU
		{B4CAD2C0-BA54-46B6-A8D0-43A9C2390D3C}.Debug|x64.ActiveCfg = Debug|Any CPU
		{B4CAD2C0-BA54-46B6-A8D0-43A9C2390D3C}.Debug|x64.Build.0 = Debug|Any CPU
		{B4CAD2C0-BA54-46B6-A8D0-43A9C2390D3C}.Debug|x86.ActiveCfg = Debug|Any CPU
		{B4CAD2C0-BA54-46B6-A8D0-43A9C2390D3C}.Debug|x86.Build.0 = Debug|Any CPU
		{B4CAD2C0-BA54-46B6-A8D0-43A9C2390D3C}.Release|Any CPU.ActiveCfg = Release|Any CPU
		{B4CAD2C0-BA54-46B6-A8D0-43A9C2390D3C}.Release|Any CPU.Build.0 = Release|Any CPU
		{B4CAD2C0-BA54-46B6-A8D0-43A9C2390D3C}.Release|x64.ActiveCfg = Release|Any CPU
		{B4CAD2C0-BA54-46B6-A8D0-43A9C2390D3C}.Release|x64.Build.0 = Release|Any CPU
		{B4CAD2C0-BA54-46B6-A8D0-43A9C2390D3C}.Release|x86.ActiveCfg = Release|Any CPU
		{B4CAD2C0-BA54-46B6-A8D0-43A9C2390D3C}.Release|x86.Build.0 = Release|Any CPU
		{C93D6CE7-989F-4C89-A29B-9684C9297184}.Debug|Any CPU.ActiveCfg = Debug|Any CPU
		{C93D6CE7-989F-4C89-A29B-9684C9297184}.Debug|Any CPU.Build.0 = Debug|Any CPU
		{C93D6CE7-989F-4C89-A29B-9684C9297184}.Debug|x64.ActiveCfg = Debug|Any CPU
		{C93D6CE7-989F-4C89-A29B-9684C9297184}.Debug|x64.Build.0 = Debug|Any CPU
		{C93D6CE7-989F-4C89-A29B-9684C9297184}.Debug|x86.ActiveCfg = Debug|Any CPU
		{C93D6CE7-989F-4C89-A29B-9684C9297184}.Debug|x86.Build.0 = Debug|Any CPU
		{C93D6CE7-989F-4C89-A29B-9684C9297184}.Release|Any CPU.ActiveCfg = Release|Any CPU
		{C93D6CE7-989F-4C89-A29B-9684C9297184}.Release|Any CPU.Build.0 = Release|Any CPU
		{C93D6CE7-989F-4C89-A29B-9684C9297184}.Release|x64.ActiveCfg = Release|Any CPU
		{C93D6CE7-989F-4C89-A29B-9684C9297184}.Release|x64.Build.0 = Release|Any CPU
		{C93D6CE7-989F-4C89-A29B-9684C9297184}.Release|x86.ActiveCfg = Release|Any CPU
		{C93D6CE7-989F-4C89-A29B-9684C9297184}.Release|x86.Build.0 = Release|Any CPU
		{8463BD1A-EC79-4469-A383-26020298F512}.Debug|Any CPU.ActiveCfg = Debug|Any CPU
		{8463BD1A-EC79-4469-A383-26020298F512}.Debug|Any CPU.Build.0 = Debug|Any CPU
		{8463BD1A-EC79-4469-A383-26020298F512}.Debug|x64.ActiveCfg = Debug|Any CPU
		{8463BD1A-EC79-4469-A383-26020298F512}.Debug|x64.Build.0 = Debug|Any CPU
		{8463BD1A-EC79-4469-A383-26020298F512}.Debug|x86.ActiveCfg = Debug|Any CPU
		{8463BD1A-EC79-4469-A383-26020298F512}.Debug|x86.Build.0 = Debug|Any CPU
		{8463BD1A-EC79-4469-A383-26020298F512}.Release|Any CPU.ActiveCfg = Release|Any CPU
		{8463BD1A-EC79-4469-A383-26020298F512}.Release|Any CPU.Build.0 = Release|Any CPU
		{8463BD1A-EC79-4469-A383-26020298F512}.Release|x64.ActiveCfg = Release|Any CPU
		{8463BD1A-EC79-4469-A383-26020298F512}.Release|x64.Build.0 = Release|Any CPU
		{8463BD1A-EC79-4469-A383-26020298F512}.Release|x86.ActiveCfg = Release|Any CPU
		{8463BD1A-EC79-4469-A383-26020298F512}.Release|x86.Build.0 = Release|Any CPU
	EndGlobalSection
	GlobalSection(SolutionProperties) = preSolution
		HideSolutionNode = FALSE
	EndGlobalSection
	GlobalSection(ExtensibilityGlobals) = postSolution
		SolutionGuid = {D2939D13-1FC7-4C9B-95D9-BA3B53E08138}
	EndGlobalSection
EndGlobal
